
Microsoft Visual Studio Solution File, Format Version 12.00
Project("{FAE04EC0-301F-11D3-BF4B-00C04F79EFBC}") = "ProjectManager.Backend", "ProjectManager.Backend\ProjectManager.Backend.csproj", "{2C101F89-B06E-453A-A107-C20C6B1766E6}"
EndProject
Global
	GlobalSection(SolutionConfigurationPlatforms) = preSolution
		Debug|Any CPU = Debug|Any CPU
		Release|Any CPU = Release|Any CPU
	EndGlobalSection
	GlobalSection(ProjectConfigurationPlatforms) = postSolution
		{2C101F89-B06E-453A-A107-C20C6B1766E6}.Debug|Any CPU.ActiveCfg = Debug|Any CPU
		{2C101F89-B06E-453A-A107-C20C6B1766E6}.Debug|Any CPU.Build.0 = Debug|Any CPU
		{2C101F89-B06E-453A-A107-C20C6B1766E6}.Release|Any CPU.ActiveCfg = Release|Any CPU
		{2C101F89-B06E-453A-A107-C20C6B1766E6}.Release|Any CPU.Build.0 = Release|Any CPU
	EndGlobalSection
EndGlobal
